// !$*UTF8*$!
{
	archiveVersion = 1;
	classes = {
	};
	objectVersion = 46;
	objects = {

/* Begin PBXFileReference section */
		DCE42C791AE3BFE500A1DCCE /* amphitrite.py */ = {isa = PBXFileReference; fileEncoding = 4; lastKnownFileType = text.script.python; path = amphitrite.py; sourceTree = "<group>"; };
		DCE42C7A1AE3C04F00A1DCCE /* files */ = {isa = PBXFileReference; lastKnownFileType = folder; path = files; sourceTree = "<group>"; };
		DCE42C7B1AE3C04F00A1DCCE /* gui */ = {isa = PBXFileReference; lastKnownFileType = folder; path = gui; sourceTree = "<group>"; };
		DCE42C7C1AE3C04F00A1DCCE /* icons */ = {isa = PBXFileReference; lastKnownFileType = folder; path = icons; sourceTree = "<group>"; };
		DCE42C7D1AE3C04F00A1DCCE /* librerie */ = {isa = PBXFileReference; lastKnownFileType = folder; path = librerie; sourceTree = "<group>"; };
/* End PBXFileReference section */

/* Begin PBXGroup section */
		DCE42C6E1AE3BE4F00A1DCCE = {
			isa = PBXGroup;
			children = (
				DCE42C791AE3BFE500A1DCCE /* amphitrite.py */,
				DCE42C7A1AE3C04F00A1DCCE /* files */,
				DCE42C7B1AE3C04F00A1DCCE /* gui */,
				DCE42C7C1AE3C04F00A1DCCE /* icons */,
				DCE42C7D1AE3C04F00A1DCCE /* librerie */,
			);
			sourceTree = "<group>";
		};
/* End PBXGroup section */

/* Begin PBXLegacyTarget section */
		DCE42C731AE3BE4F00A1DCCE /* amphitrite_v20 */ = {
			isa = PBXLegacyTarget;
			buildArgumentsString = "$(ACTION)";
			buildConfigurationList = DCE42C761AE3BE4F00A1DCCE /* Build configuration list for PBXLegacyTarget "amphitrite_v20" */;
			buildPhases = (
			);
			buildToolPath = /usr/bin/python;
			dependencies = (
			);
			name = amphitrite_v20;
			passBuildSettingsInEnvironment = 1;
			productName = amphitrite_v20;
		};
/* End PBXLegacyTarget section */

/* Begin PBXProject section */
		DCE42C6F1AE3BE4F00A1DCCE /* Project object */ = {
			isa = PBXProject;
			attributes = {
				LastUpgradeCheck = 0630;
				ORGANIZATIONNAME = "Andrea Mastrangelo";
				TargetAttributes = {
					DCE42C731AE3BE4F00A1DCCE = {
						CreatedOnToolsVersion = 6.3;
					};
				};
			};
			buildConfigurationList = DCE42C721AE3BE4F00A1DCCE /* Build configuration list for PBXProject "amphitrite_v20" */;
			compatibilityVersion = "Xcode 3.2";
			developmentRegion = English;
			hasScannedForEncodings = 0;
			knownRegions = (
				en,
			);
			mainGroup = DCE42C6E1AE3BE4F00A1DCCE;
			projectDirPath = "";
			projectRoot = "";
			targets = (
				DCE42C731AE3BE4F00A1DCCE /* amphitrite_v20 */,
			);
		};
/* End PBXProject section */

/* Begin XCBuildConfiguration section */
		DCE42C741AE3BE4F00A1DCCE /* Debug */ = {
			isa = XCBuildConfiguration;
			buildSettings = {
				ALWAYS_SEARCH_USER_PATHS = NO;
				CLANG_CXX_LANGUAGE_STANDARD = "gnu++0x";
				CLANG_CXX_LIBRARY = "libc++";
				CLANG_ENABLE_MODULES = YES;
				CLANG_ENABLE_OBJC_ARC = YES;
				CLANG_WARN_BOOL_CONVERSION = YES;
				CLANG_WARN_CONSTANT_CONVERSION = YES;
				CLANG_WARN_DIRECT_OBJC_ISA_USAGE = YES_ERROR;
				CLANG_WARN_EMPTY_BODY = YES;
				CLANG_WARN_ENUM_CONVERSION = YES;
				CLANG_WARN_INT_CONVERSION = YES;
				CLANG_WARN_OBJC_ROOT_CLASS = YES_ERROR;
				CLANG_WARN_UNREACHABLE_CODE = YES;
				CLANG_WARN__DUPLICATE_METHOD_MATCH = YES;
				COPY_PHASE_STRIP = NO;
				DEBUG_INFORMATION_FORMAT = dwarf;
				ENABLE_STRICT_OBJC_MSGSEND = YES;
				GCC_C_LANGUAGE_STANDARD = gnu99;
				GCC_DYNAMIC_NO_PIC = NO;
				GCC_NO_COMMON_BLOCKS = YES;
				GCC_OPTIMIZATION_LEVEL = 0;
				GCC_PREPROCESSOR_DEFINITIONS = (
					"DEBUG=1",
					"$(inherited)",
				);
				GCC_SYMBOLS_PRIVATE_EXTERN = NO;
				GCC_WARN_64_TO_32_BIT_CONVERSION = YES;
				GCC_WARN_ABOUT_RETURN_TYPE = YES_ERROR;
				GCC_WARN_UNDECLARED_SELECTOR = YES;
				GCC_WARN_UNINITIALIZED_AUTOS = YES_AGGRESSIVE;
				GCC_WARN_UNUSED_FUNCTION = YES;
				GCC_WARN_UNUSED_VARIABLE = YES;
				MACOSX_DEPLOYMENT_TARGET = 10.10;
				MTL_ENABLE_DEBUG_INFO = YES;
				ONLY_ACTIVE_ARCH = YES;
				SDKROOT = macosx;
			};
			name = Debug;
		};
		DCE42C751AE3BE4F00A1DCCE /* Release */ = {
			isa = XCBuildConfiguration;
			buildSettings = {
				ALWAYS_SEARCH_USER_PATHS = NO;
				CLANG_CXX_LANGUAGE_STANDARD = "gnu++0x";
				CLANG_CXX_LIBRARY = "libc++";
				CLANG_ENABLE_MODULES = YES;
				CLANG_ENABLE_OBJC_ARC = YES;
				CLANG_WARN_BOOL_CONVERSION = YES;
				CLANG_WARN_CONSTANT_CONVERSION = YES;
				CLANG_WARN_DIRECT_OBJC_ISA_USAGE = YES_ERROR;
				CLANG_WARN_EMPTY_BODY = YES;
				CLANG_WARN_ENUM_CONVERSION = YES;
				CLANG_WARN_INT_CONVERSION = YES;
				CLANG_WARN_OBJC_ROOT_CLASS = YES_ERROR;
				CLANG_WARN_UNREACHABLE_CODE = YES;
				CLANG_WARN__DUPLICATE_METHOD_MATCH = YES;
				COPY_PHASE_STRIP = NO;
				DEBUG_INFORMATION_FORMAT = "dwarf-with-dsym";
				ENABLE_NS_ASSERTIONS = NO;
				ENABLE_STRICT_OBJC_MSGSEND = YES;
				GCC_C_LANGUAGE_STANDARD = gnu99;
				GCC_NO_COMMON_BLOCKS = YES;
				GCC_WARN_64_TO_32_BIT_CONVERSION = YES;
				GCC_WARN_ABOUT_RETURN_TYPE = YES_ERROR;
				GCC_WARN_UNDECLARED_SELECTOR = YES;
				GCC_WARN_UNINITIALIZED_AUTOS = YES_AGGRESSIVE;
				GCC_WARN_UNUSED_FUNCTION = YES;
				GCC_WARN_UNUSED_VARIABLE = YES;
				MACOSX_DEPLOYMENT_TARGET = 10.10;
				MTL_ENABLE_DEBUG_INFO = NO;
				SDKROOT = macosx;
			};
			name = Release;
		};
		DCE42C771AE3BE4F00A1DCCE /* Debug */ = {
			isa = XCBuildConfiguration;
			buildSettings = {
				DEBUGGING_SYMBOLS = YES;
				GCC_GENERATE_DEBUGGING_SYMBOLS = YES;
				GCC_OPTIMIZATION_LEVEL = 0;
				OTHER_CFLAGS = "";
				OTHER_LDFLAGS = "";
				PRODUCT_NAME = "$(TARGET_NAME)";
			};
			name = Debug;
		};
		DCE42C781AE3BE4F00A1DCCE /* Release */ = {
			isa = XCBuildConfiguration;
			buildSettings = {
				OTHER_CFLAGS = "";
				OTHER_LDFLAGS = "";
				PRODUCT_NAME = "$(TARGET_NAME)";
			};
			name = Release;
		};
/* End XCBuildConfiguration section */

/* Begin XCConfigurationList section */
		DCE42C721AE3BE4F00A1DCCE /* Build configuration list for PBXProject "amphitrite_v20" */ = {
			isa = XCConfigurationList;
			buildConfigurations = (
				DCE42C741AE3BE4F00A1DCCE /* Debug */,
				DCE42C751AE3BE4F00A1DCCE /* Release */,
			);
			defaultConfigurationIsVisible = 0;
			defaultConfigurationName = Release;
		};
		DCE42C761AE3BE4F00A1DCCE /* Build configuration list for PBXLegacyTarget "amphitrite_v20" */ = {
			isa = XCConfigurationList;
			buildConfigurations = (
				DCE42C771AE3BE4F00A1DCCE /* Debug */,
				DCE42C781AE3BE4F00A1DCCE /* Release */,
			);
			defaultConfigurationIsVisible = 0;
		};
/* End XCConfigurationList section */
	};
	rootObject = DCE42C6F1AE3BE4F00A1DCCE /* Project object */;
}
